
Microsoft Visual Studio Solution File, Format Version 12.00
# Visual Studio Version 16
VisualStudioVersion = 16.0.31005.135
MinimumVisualStudioVersion = 10.0.40219.1
Project("{FAE04EC0-301F-11D3-BF4B-00C04F79EFBC}") = "Task4", "Task4\Task4.csproj", "{B42C1DCA-54B8-40FA-934B-48C55B3D9535}"
EndProject
Global
	GlobalSection(SolutionConfigurationPlatforms) = preSolution
		Debug|Any CPU = Debug|Any CPU
		Release|Any CPU = Release|Any CPU
	EndGlobalSection
	GlobalSection(ProjectConfigurationPlatforms) = postSolution
		{B42C1DCA-54B8-40FA-934B-48C55B3D9535}.Debug|Any CPU.ActiveCfg = Debug|Any CPU
		{B42C1DCA-54B8-40FA-934B-48C55B3D9535}.Debug|Any CPU.Build.0 = Debug|Any CPU
		{B42C1DCA-54B8-40FA-934B-48C55B3D9535}.Release|Any CPU.ActiveCfg = Release|Any CPU
		{B42C1DCA-54B8-40FA-934B-48C55B3D9535}.Release|Any CPU.Build.0 = Release|Any CPU
	EndGlobalSection
	GlobalSection(SolutionProperties) = preSolution
		HideSolutionNode = FALSE
	EndGlobalSection
	GlobalSection(ExtensibilityGlobals) = postSolution
		SolutionGuid = {00834516-6B00-44A6-93C6-F58BBBFFFCFE}
	EndGlobalSection
EndGlobal
